// !$*UTF8*$!
{
	archiveVersion = 1;
	classes = {
	};
	objectVersion = 56;
	objects = {

/* Begin PBXBuildFile section */
		7AE0CA3C2BA81AB3008B0ECD /* TrafficAlertApp.swift in Sources */ = {isa = PBXBuildFile; fileRef = 7AE0CA3B2BA81AB3008B0ECD /* TrafficAlertApp.swift */; };
		7AE0CA3E2BA81AB3008B0ECD /* ContentView.swift in Sources */ = {isa = PBXBuildFile; fileRef = 7AE0CA3D2BA81AB3008B0ECD /* ContentView.swift */; };
		7AE0CA402BA81AB4008B0ECD /* Assets.xcassets in Resources */ = {isa = PBXBuildFile; fileRef = 7AE0CA3F2BA81AB4008B0ECD /* Assets.xcassets */; };
		7AE0CA432BA81AB4008B0ECD /* Preview Assets.xcassets in Resources */ = {isa = PBXBuildFile; fileRef = 7AE0CA422BA81AB4008B0ECD /* Preview Assets.xcassets */; };
		7AE0CA4D2BA81AB5008B0ECD /* TrafficAlertTests.swift in Sources */ = {isa = PBXBuildFile; fileRef = 7AE0CA4C2BA81AB5008B0ECD /* TrafficAlertTests.swift */; };
		7AE0CA572BA81AB5008B0ECD /* TrafficAlertUITests.swift in Sources */ = {isa = PBXBuildFile; fileRef = 7AE0CA562BA81AB5008B0ECD /* TrafficAlertUITests.swift */; };
		7AE0CA592BA81AB5008B0ECD /* TrafficAlertUITestsLaunchTests.swift in Sources */ = {isa = PBXBuildFile; fileRef = 7AE0CA582BA81AB5008B0ECD /* TrafficAlertUITestsLaunchTests.swift */; };
/* End PBXBuildFile section */

/* Begin PBXContainerItemProxy section */
		7AE0CA492BA81AB5008B0ECD /* PBXContainerItemProxy */ = {
			isa = PBXContainerItemProxy;
			containerPortal = 7AE0CA302BA81AB3008B0ECD /* Project object */;
			proxyType = 1;
			remoteGlobalIDString = 7AE0CA372BA81AB3008B0ECD;
			remoteInfo = TrafficAlert;
		};
		7AE0CA532BA81AB5008B0ECD /* PBXContainerItemProxy */ = {
			isa = PBXContainerItemProxy;
			containerPortal = 7AE0CA302BA81AB3008B0ECD /* Project object */;
			proxyType = 1;
			remoteGlobalIDString = 7AE0CA372BA81AB3008B0ECD;
			remoteInfo = TrafficAlert;
		};
/* End PBXContainerItemProxy section */

/* Begin PBXFileReference section */
		7AE0CA382BA81AB3008B0ECD /* TrafficAlert.app */ = {isa = PBXFileReference; explicitFileType = wrapper.application; includeInIndex = 0; path = TrafficAlert.app; sourceTree = BUILT_PRODUCTS_DIR; };
		7AE0CA3B2BA81AB3008B0ECD /* TrafficAlertApp.swift */ = {isa = PBXFileReference; lastKnownFileType = sourcecode.swift; path = TrafficAlertApp.swift; sourceTree = "<group>"; };
		7AE0CA3D2BA81AB3008B0ECD /* ContentView.swift */ = {isa = PBXFileReference; lastKnownFileType = sourcecode.swift; path = ContentView.swift; sourceTree = "<group>"; };
		7AE0CA3F2BA81AB4008B0ECD /* Assets.xcassets */ = {isa = PBXFileReference; lastKnownFileType = folder.assetcatalog; path = Assets.xcassets; sourceTree = "<group>"; };
		7AE0CA422BA81AB4008B0ECD /* Preview Assets.xcassets */ = {isa = PBXFileReference; lastKnownFileType = folder.assetcatalog; path = "Preview Assets.xcassets"; sourceTree = "<group>"; };
		7AE0CA482BA81AB5008B0ECD /* TrafficAlertTests.xctest */ = {isa = PBXFileReference; explicitFileType = wrapper.cfbundle; includeInIndex = 0; path = TrafficAlertTests.xctest; sourceTree = BUILT_PRODUCTS_DIR; };
		7AE0CA4C2BA81AB5008B0ECD /* TrafficAlertTests.swift */ = {isa = PBXFileReference; lastKnownFileType = sourcecode.swift; path = TrafficAlertTests.swift; sourceTree = "<group>"; };
		7AE0CA522BA81AB5008B0ECD /* TrafficAlertUITests.xctest */ = {isa = PBXFileReference; explicitFileType = wrapper.cfbundle; includeInIndex = 0; path = TrafficAlertUITests.xctest; sourceTree = BUILT_PRODUCTS_DIR; };
		7AE0CA562BA81AB5008B0ECD /* TrafficAlertUITests.swift */ = {isa = PBXFileReference; lastKnownFileType = sourcecode.swift; path = TrafficAlertUITests.swift; sourceTree = "<group>"; };
		7AE0CA582BA81AB5008B0ECD /* TrafficAlertUITestsLaunchTests.swift */ = {isa = PBXFileReference; lastKnownFileType = sourcecode.swift; path = TrafficAlertUITestsLaunchTests.swift; sourceTree = "<group>"; };
/* End PBXFileReference section */

/* Begin PBXFrameworksBuildPhase section */
		7AE0CA352BA81AB3008B0ECD /* Frameworks */ = {
			isa = PBXFrameworksBuildPhase;
			buildActionMask = 2147483647;
			files = (
			);
			runOnlyForDeploymentPostprocessing = 0;
		};
		7AE0CA452BA81AB5008B0ECD /* Frameworks */ = {
			isa = PBXFrameworksBuildPhase;
			buildActionMask = 2147483647;
			files = (
			);
			runOnlyForDeploymentPostprocessing = 0;
		};
		7AE0CA4F2BA81AB5008B0ECD /* Frameworks */ = {
			isa = PBXFrameworksBuildPhase;
			buildActionMask = 2147483647;
			files = (
			);
			runOnlyForDeploymentPostprocessing = 0;
		};
/* End PBXFrameworksBuildPhase section */

/* Begin PBXGroup section */
		7AE0CA2F2BA81AB3008B0ECD = {
			isa = PBXGroup;
			children = (
				7AE0CA3A2BA81AB3008B0ECD /* TrafficAlert */,
				7AE0CA4B2BA81AB5008B0ECD /* TrafficAlertTests */,
				7AE0CA552BA81AB5008B0ECD /* TrafficAlertUITests */,
				7AE0CA392BA81AB3008B0ECD /* Products */,
			);
			sourceTree = "<group>";
		};
		7AE0CA392BA81AB3008B0ECD /* Products */ = {
			isa = PBXGroup;
			children = (
				7AE0CA382BA81AB3008B0ECD /* TrafficAlert.app */,
				7AE0CA482BA81AB5008B0ECD /* TrafficAlertTests.xctest */,
				7AE0CA522BA81AB5008B0ECD /* TrafficAlertUITests.xctest */,
			);
			name = Products;
			sourceTree = "<group>";
		};
		7AE0CA3A2BA81AB3008B0ECD /* TrafficAlert */ = {
			isa = PBXGroup;
			children = (
				7AE0CA3B2BA81AB3008B0ECD /* TrafficAlertApp.swift */,
				7AE0CA3D2BA81AB3008B0ECD /* ContentView.swift */,
				7AE0CA3F2BA81AB4008B0ECD /* Assets.xcassets */,
				7AE0CA412BA81AB4008B0ECD /* Preview Content */,
			);
			path = TrafficAlert;
			sourceTree = "<group>";
		};
		7AE0CA412BA81AB4008B0ECD /* Preview Content */ = {
			isa = PBXGroup;
			children = (
				7AE0CA422BA81AB4008B0ECD /* Preview Assets.xcassets */,
			);
			path = "Preview Content";
			sourceTree = "<group>";
		};
		7AE0CA4B2BA81AB5008B0ECD /* TrafficAlertTests */ = {
			isa = PBXGroup;
			children = (
				7AE0CA4C2BA81AB5008B0ECD /* TrafficAlertTests.swift */,
			);
			path = TrafficAlertTests;
			sourceTree = "<group>";
		};
		7AE0CA552BA81AB5008B0ECD /* TrafficAlertUITests */ = {
			isa = PBXGroup;
			children = (
				7AE0CA562BA81AB5008B0ECD /* TrafficAlertUITests.swift */,
				7AE0CA582BA81AB5008B0ECD /* TrafficAlertUITestsLaunchTests.swift */,
			);
			path = TrafficAlertUITests;
			sourceTree = "<group>";
		};
/* End PBXGroup section */

/* Begin PBXNativeTarget section */
		7AE0CA372BA81AB3008B0ECD /* TrafficAlert */ = {
			isa = PBXNativeTarget;
			buildConfigurationList = 7AE0CA5C2BA81AB5008B0ECD /* Build configuration list for PBXNativeTarget "TrafficAlert" */;
			buildPhases = (
				7AE0CA342BA81AB3008B0ECD /* Sources */,
				7AE0CA352BA81AB3008B0ECD /* Frameworks */,
				7AE0CA362BA81AB3008B0ECD /* Resources */,
			);
			buildRules = (
			);
			dependencies = (
			);
			name = TrafficAlert;
			productName = TrafficAlert;
			productReference = 7AE0CA382BA81AB3008B0ECD /* TrafficAlert.app */;
			productType = "com.apple.product-type.application";
		};
		7AE0CA472BA81AB5008B0ECD /* TrafficAlertTests */ = {
			isa = PBXNativeTarget;
			buildConfigurationList = 7AE0CA5F2BA81AB5008B0ECD /* Build configuration list for PBXNativeTarget "TrafficAlertTests" */;
			buildPhases = (
				7AE0CA442BA81AB5008B0ECD /* Sources */,
				7AE0CA452BA81AB5008B0ECD /* Frameworks */,
				7AE0CA462BA81AB5008B0ECD /* Resources */,
			);
			buildRules = (
			);
			dependencies = (
				7AE0CA4A2BA81AB5008B0ECD /* PBXTargetDependency */,
			);
			name = TrafficAlertTests;
			productName = TrafficAlertTests;
			productReference = 7AE0CA482BA81AB5008B0ECD /* TrafficAlertTests.xctest */;
			productType = "com.apple.product-type.bundle.unit-test";
		};
		7AE0CA512BA81AB5008B0ECD /* TrafficAlertUITests */ = {
			isa = PBXNativeTarget;
			buildConfigurationList = 7AE0CA622BA81AB5008B0ECD /* Build configuration list for PBXNativeTarget "TrafficAlertUITests" */;
			buildPhases = (
				7AE0CA4E2BA81AB5008B0ECD /* Sources */,
				7AE0CA4F2BA81AB5008B0ECD /* Frameworks */,
				7AE0CA502BA81AB5008B0ECD /* Resources */,
			);
			buildRules = (
			);
			dependencies = (
				7AE0CA542BA81AB5008B0ECD /* PBXTargetDependency */,
			);
			name = TrafficAlertUITests;
			productName = TrafficAlertUITests;
			productReference = 7AE0CA522BA81AB5008B0ECD /* TrafficAlertUITests.xctest */;
			productType = "com.apple.product-type.bundle.ui-testing";
		};
/* End PBXNativeTarget section */

/* Begin PBXProject section */
		7AE0CA302BA81AB3008B0ECD /* Project object */ = {
			isa = PBXProject;
			attributes = {
				BuildIndependentTargetsInParallel = 1;
				LastSwiftUpdateCheck = 1430;
				LastUpgradeCheck = 1430;
				TargetAttributes = {
					7AE0CA372BA81AB3008B0ECD = {
						CreatedOnToolsVersion = 14.3.1;
					};
					7AE0CA472BA81AB5008B0ECD = {
						CreatedOnToolsVersion = 14.3.1;
						TestTargetID = 7AE0CA372BA81AB3008B0ECD;
					};
					7AE0CA512BA81AB5008B0ECD = {
						CreatedOnToolsVersion = 14.3.1;
						TestTargetID = 7AE0CA372BA81AB3008B0ECD;
					};
				};
			};
			buildConfigurationList = 7AE0CA332BA81AB3008B0ECD /* Build configuration list for PBXProject "TrafficAlert" */;
			compatibilityVersion = "Xcode 14.0";
			developmentRegion = en;
			hasScannedForEncodings = 0;
			knownRegions = (
				en,
				Base,
			);
			mainGroup = 7AE0CA2F2BA81AB3008B0ECD;
			productRefGroup = 7AE0CA392BA81AB3008B0ECD /* Products */;
			projectDirPath = "";
			projectRoot = "";
			targets = (
				7AE0CA372BA81AB3008B0ECD /* TrafficAlert */,
				7AE0CA472BA81AB5008B0ECD /* TrafficAlertTests */,
				7AE0CA512BA81AB5008B0ECD /* TrafficAlertUITests */,
			);
		};
/* End PBXProject section */

/* Begin PBXResourcesBuildPhase section */
		7AE0CA362BA81AB3008B0ECD /* Resources */ = {
			isa = PBXResourcesBuildPhase;
			buildActionMask = 2147483647;
			files = (
				7AE0CA432BA81AB4008B0ECD /* Preview Assets.xcassets in Resources */,
				7AE0CA402BA81AB4008B0ECD /* Assets.xcassets in Resources */,
			);
			runOnlyForDeploymentPostprocessing = 0;
		};
		7AE0CA462BA81AB5008B0ECD /* Resources */ = {
			isa = PBXResourcesBuildPhase;
			buildActionMask = 2147483647;
			files = (
			);
			runOnlyForDeploymentPostprocessing = 0;
		};
		7AE0CA502BA81AB5008B0ECD /* Resources */ = {
			isa = PBXResourcesBuildPhase;
			buildActionMask = 2147483647;
			files = (
			);
			runOnlyForDeploymentPostprocessing = 0;
		};
/* End PBXResourcesBuildPhase section */

/* Begin PBXSourcesBuildPhase section */
		7AE0CA342BA81AB3008B0ECD /* Sources */ = {
			isa = PBXSourcesBuildPhase;
			buildActionMask = 2147483647;
			files = (
				7AE0CA3E2BA81AB3008B0ECD /* ContentView.swift in Sources */,
				7AE0CA3C2BA81AB3008B0ECD /* TrafficAlertApp.swift in Sources */,
			);
			runOnlyForDeploymentPostprocessing = 0;
		};
		7AE0CA442BA81AB5008B0ECD /* Sources */ = {
			isa = PBXSourcesBuildPhase;
			buildActionMask = 2147483647;
			files = (
				7AE0CA4D2BA81AB5008B0ECD /* TrafficAlertTests.swift in Sources */,
			);
			runOnlyForDeploymentPostprocessing = 0;
		};
		7AE0CA4E2BA81AB5008B0ECD /* Sources */ = {
			isa = PBXSourcesBuildPhase;
			buildActionMask = 2147483647;
			files = (
				7AE0CA572BA81AB5008B0ECD /* TrafficAlertUITests.swift in Sources */,
				7AE0CA592BA81AB5008B0ECD /* TrafficAlertUITestsLaunchTests.swift in Sources */,
			);
			runOnlyForDeploymentPostprocessing = 0;
		};
/* End PBXSourcesBuildPhase section */

/* Begin PBXTargetDependency section */
		7AE0CA4A2BA81AB5008B0ECD /* PBXTargetDependency */ = {
			isa = PBXTargetDependency;
			target = 7AE0CA372BA81AB3008B0ECD /* TrafficAlert */;
			targetProxy = 7AE0CA492BA81AB5008B0ECD /* PBXContainerItemProxy */;
		};
		7AE0CA542BA81AB5008B0ECD /* PBXTargetDependency */ = {
			isa = PBXTargetDependency;
			target = 7AE0CA372BA81AB3008B0ECD /* TrafficAlert */;
			targetProxy = 7AE0CA532BA81AB5008B0ECD /* PBXContainerItemProxy */;
		};
/* End PBXTargetDependency section */

/* Begin XCBuildConfiguration section */
		7AE0CA5A2BA81AB5008B0ECD /* Debug */ = {
			isa = XCBuildConfiguration;
			buildSettings = {
				ALWAYS_SEARCH_USER_PATHS = NO;
				CLANG_ANALYZER_NONNULL = YES;
				CLANG_ANALYZER_NUMBER_OBJECT_CONVERSION = YES_AGGRESSIVE;
				CLANG_CXX_LANGUAGE_STANDARD = "gnu++20";
				CLANG_ENABLE_MODULES = YES;
				CLANG_ENABLE_OBJC_ARC = YES;
				CLANG_ENABLE_OBJC_WEAK = YES;
				CLANG_WARN_BLOCK_CAPTURE_AUTORELEASING = YES;
				CLANG_WARN_BOOL_CONVERSION = YES;
				CLANG_WARN_COMMA = YES;
				CLANG_WARN_CONSTANT_CONVERSION = YES;
				CLANG_WARN_DEPRECATED_OBJC_IMPLEMENTATIONS = YES;
				CLANG_WARN_DIRECT_OBJC_ISA_USAGE = YES_ERROR;
				CLANG_WARN_DOCUMENTATION_COMMENTS = YES;
				CLANG_WARN_EMPTY_BODY = YES;
				CLANG_WARN_ENUM_CONVERSION = YES;
				CLANG_WARN_INFINITE_RECURSION = YES;
				CLANG_WARN_INT_CONVERSION = YES;
				CLANG_WARN_NON_LITERAL_NULL_CONVERSION = YES;
				CLANG_WARN_OBJC_IMPLICIT_RETAIN_SELF = YES;
				CLANG_WARN_OBJC_LITERAL_CONVERSION = YES;
				CLANG_WARN_OBJC_ROOT_CLASS = YES_ERROR;
				CLANG_WARN_QUOTED_INCLUDE_IN_FRAMEWORK_HEADER = YES;
				CLANG_WARN_RANGE_LOOP_ANALYSIS = YES;
				CLANG_WARN_STRICT_PROTOTYPES = YES;
				CLANG_WARN_SUSPICIOUS_MOVE = YES;
				CLANG_WARN_UNGUARDED_AVAILABILITY = YES_AGGRESSIVE;
				CLANG_WARN_UNREACHABLE_CODE = YES;
				CLANG_WARN__DUPLICATE_METHOD_MATCH = YES;
				COPY_PHASE_STRIP = NO;
				DEBUG_INFORMATION_FORMAT = dwarf;
				ENABLE_STRICT_OBJC_MSGSEND = YES;
				ENABLE_TESTABILITY = YES;
				GCC_C_LANGUAGE_STANDARD = gnu11;
				GCC_DYNAMIC_NO_PIC = NO;
				GCC_NO_COMMON_BLOCKS = YES;
				GCC_OPTIMIZATION_LEVEL = 0;
				GCC_PREPROCESSOR_DEFINITIONS = (
					"DEBUG=1",
					"$(inherited)",
				);
				GCC_WARN_64_TO_32_BIT_CONVERSION = YES;
				GCC_WARN_ABOUT_RETURN_TYPE = YES_ERROR;
				GCC_WARN_UNDECLARED_SELECTOR = YES;
				GCC_WARN_UNINITIALIZED_AUTOS = YES_AGGRESSIVE;
				GCC_WARN_UNUSED_FUNCTION = YES;
				GCC_WARN_UNUSED_VARIABLE = YES;
				IPHONEOS_DEPLOYMENT_TARGET = 16.4;
				MTL_ENABLE_DEBUG_INFO = INCLUDE_SOURCE;
				MTL_FAST_MATH = YES;
				ONLY_ACTIVE_ARCH = YES;
				SDKROOT = iphoneos;
				SWIFT_ACTIVE_COMPILATION_CONDITIONS = DEBUG;
				SWIFT_OPTIMIZATION_LEVEL = "-Onone";
			};
			name = Debug;
		};
		7AE0CA5B2BA81AB5008B0ECD /* Release */ = {
			isa = XCBuildConfiguration;
			buildSettings = {
				ALWAYS_SEARCH_USER_PATHS = NO;
				CLANG_ANALYZER_NONNULL = YES;
				CLANG_ANALYZER_NUMBER_OBJECT_CONVERSION = YES_AGGRESSIVE;
				CLANG_CXX_LANGUAGE_STANDARD = "gnu++20";
				CLANG_ENABLE_MODULES = YES;
				CLANG_ENABLE_OBJC_ARC = YES;
				CLANG_ENABLE_OBJC_WEAK = YES;
				CLANG_WARN_BLOCK_CAPTURE_AUTORELEASING = YES;
				CLANG_WARN_BOOL_CONVERSION = YES;
				CLANG_WARN_COMMA = YES;
				CLANG_WARN_CONSTANT_CONVERSION = YES;
				CLANG_WARN_DEPRECATED_OBJC_IMPLEMENTATIONS = YES;
				CLANG_WARN_DIRECT_OBJC_ISA_USAGE = YES_ERROR;
				CLANG_WARN_DOCUMENTATION_COMMENTS = YES;
				CLANG_WARN_EMPTY_BODY = YES;
				CLANG_WARN_ENUM_CONVERSION = YES;
				CLANG_WARN_INFINITE_RECURSION = YES;
				CLANG_WARN_INT_CONVERSION = YES;
				CLANG_WARN_NON_LITERAL_NULL_CONVERSION = YES;
				CLANG_WARN_OBJC_IMPLICIT_RETAIN_SELF = YES;
				CLANG_WARN_OBJC_LITERAL_CONVERSION = YES;
				CLANG_WARN_OBJC_ROOT_CLASS = YES_ERROR;
				CLANG_WARN_QUOTED_INCLUDE_IN_FRAMEWORK_HEADER = YES;
				CLANG_WARN_RANGE_LOOP_ANALYSIS = YES;
				CLANG_WARN_STRICT_PROTOTYPES = YES;
				CLANG_WARN_SUSPICIOUS_MOVE = YES;
				CLANG_WARN_UNGUARDED_AVAILABILITY = YES_AGGRESSIVE;
				CLANG_WARN_UNREACHABLE_CODE = YES;
				CLANG_WARN__DUPLICATE_METHOD_MATCH = YES;
				COPY_PHASE_STRIP = NO;
				DEBUG_INFORMATION_FORMAT = "dwarf-with-dsym";
				ENABLE_NS_ASSERTIONS = NO;
				ENABLE_STRICT_OBJC_MSGSEND = YES;
				GCC_C_LANGUAGE_STANDARD = gnu11;
				GCC_NO_COMMON_BLOCKS = YES;
				GCC_WARN_64_TO_32_BIT_CONVERSION = YES;
				GCC_WARN_ABOUT_RETURN_TYPE = YES_ERROR;
				GCC_WARN_UNDECLARED_SELECTOR = YES;
				GCC_WARN_UNINITIALIZED_AUTOS = YES_AGGRESSIVE;
				GCC_WARN_UNUSED_FUNCTION = YES;
				GCC_WARN_UNUSED_VARIABLE = YES;
				IPHONEOS_DEPLOYMENT_TARGET = 16.4;
				MTL_ENABLE_DEBUG_INFO = NO;
				MTL_FAST_MATH = YES;
				SDKROOT = iphoneos;
				SWIFT_COMPILATION_MODE = wholemodule;
				SWIFT_OPTIMIZATION_LEVEL = "-O";
				VALIDATE_PRODUCT = YES;
			};
			name = Release;
		};
		7AE0CA5D2BA81AB5008B0ECD /* Debug */ = {
			isa = XCBuildConfiguration;
			buildSettings = {
				ASSETCATALOG_COMPILER_APPICON_NAME = AppIcon;
				ASSETCATALOG_COMPILER_GLOBAL_ACCENT_COLOR_NAME = AccentColor;
				CODE_SIGN_STYLE = Automatic;
				CURRENT_PROJECT_VERSION = 1;
				DEVELOPMENT_ASSET_PATHS = "\"TrafficAlert/Preview Content\"";
				ENABLE_PREVIEWS = YES;
				GENERATE_INFOPLIST_FILE = YES;
				INFOPLIST_KEY_UIApplicationSceneManifest_Generation = YES;
				INFOPLIST_KEY_UIApplicationSupportsIndirectInputEvents = YES;
				INFOPLIST_KEY_UILaunchScreen_Generation = YES;
				INFOPLIST_KEY_UISupportedInterfaceOrientations_iPad = "UIInterfaceOrientationPortrait UIInterfaceOrientationPortraitUpsideDown UIInterfaceOrientationLandscapeLeft UIInterfaceOrientationLandscapeRight";
				INFOPLIST_KEY_UISupportedInterfaceOrientations_iPhone = "UIInterfaceOrientationPortrait UIInterfaceOrientationLandscapeLeft UIInterfaceOrientationLandscapeRight";
				LD_RUNPATH_SEARCH_PATHS = (
					"$(inherited)",
					"@executable_path/Frameworks",
				);
				MARKETING_VERSION = 1.0;
				PRODUCT_BUNDLE_IDENTIFIER = firsto.TrafficAlert;
				PRODUCT_NAME = "$(TARGET_NAME)";
				SWIFT_EMIT_LOC_STRINGS = YES;
				SWIFT_VERSION = 5.0;
				TARGETED_DEVICE_FAMILY = "1,2";
			};
			name = Debug;
		};
		7AE0CA5E2BA81AB5008B0ECD /* Release */ = {
			isa = XCBuildConfiguration;
			buildSettings = {
				ASSETCATALOG_COMPILER_APPICON_NAME = AppIcon;
				ASSETCATALOG_COMPILER_GLOBAL_ACCENT_COLOR_NAME = AccentColor;
				CODE_SIGN_STYLE = Automatic;
				CURRENT_PROJECT_VERSION = 1;
				DEVELOPMENT_ASSET_PATHS = "\"TrafficAlert/Preview Content\"";
				ENABLE_PREVIEWS = YES;
				GENERATE_INFOPLIST_FILE = YES;
				INFOPLIST_KEY_UIApplicationSceneManifest_Generation = YES;
				INFOPLIST_KEY_UIApplicationSupportsIndirectInputEvents = YES;
				INFOPLIST_KEY_UILaunchScreen_Generation = YES;
				INFOPLIST_KEY_UISupportedInterfaceOrientations_iPad = "UIInterfaceOrientationPortrait UIInterfaceOrientationPortraitUpsideDown UIInterfaceOrientationLandscapeLeft UIInterfaceOrientationLandscapeRight";
				INFOPLIST_KEY_UISupportedInterfaceOrientations_iPhone = "UIInterfaceOrientationPortrait UIInterfaceOrientationLandscapeLeft UIInterfaceOrientationLandscapeRight";
				LD_RUNPATH_SEARCH_PATHS = (
					"$(inherited)",
					"@executable_path/Frameworks",
				);
				MARKETING_VERSION = 1.0;
				PRODUCT_BUNDLE_IDENTIFIER = firsto.TrafficAlert;
				PRODUCT_NAME = "$(TARGET_NAME)";
				SWIFT_EMIT_LOC_STRINGS = YES;
				SWIFT_VERSION = 5.0;
				TARGETED_DEVICE_FAMILY = "1,2";
			};
			name = Release;
		};
		7AE0CA602BA81AB5008B0ECD /* Debug */ = {
			isa = XCBuildConfiguration;
			buildSettings = {
				ALWAYS_EMBED_SWIFT_STANDARD_LIBRARIES = YES;
				BUNDLE_LOADER = "$(TEST_HOST)";
				CODE_SIGN_STYLE = Automatic;
				CURRENT_PROJECT_VERSION = 1;
				GENERATE_INFOPLIST_FILE = YES;
				IPHONEOS_DEPLOYMENT_TARGET = 16.4;
				MARKETING_VERSION = 1.0;
				PRODUCT_BUNDLE_IDENTIFIER = firsto.TrafficAlertTests;
				PRODUCT_NAME = "$(TARGET_NAME)";
				SWIFT_EMIT_LOC_STRINGS = NO;
				SWIFT_VERSION = 5.0;
				TARGETED_DEVICE_FAMILY = "1,2";
				TEST_HOST = "$(BUILT_PRODUCTS_DIR)/TrafficAlert.app/$(BUNDLE_EXECUTABLE_FOLDER_PATH)/TrafficAlert";
			};
			name = Debug;
		};
		7AE0CA612BA81AB5008B0ECD /* Release */ = {
			isa = XCBuildConfiguration;
			buildSettings = {
				ALWAYS_EMBED_SWIFT_STANDARD_LIBRARIES = YES;
				BUNDLE_LOADER = "$(TEST_HOST)";
				CODE_SIGN_STYLE = Automatic;
				CURRENT_PROJECT_VERSION = 1;
				GENERATE_INFOPLIST_FILE = YES;
				IPHONEOS_DEPLOYMENT_TARGET = 16.4;
				MARKETING_VERSION = 1.0;
				PRODUCT_BUNDLE_IDENTIFIER = firsto.TrafficAlertTests;
				PRODUCT_NAME = "$(TARGET_NAME)";
				SWIFT_EMIT_LOC_STRINGS = NO;
				SWIFT_VERSION = 5.0;
				TARGETED_DEVICE_FAMILY = "1,2";
				TEST_HOST = "$(BUILT_PRODUCTS_DIR)/TrafficAlert.app/$(BUNDLE_EXECUTABLE_FOLDER_PATH)/TrafficAlert";
			};
			name = Release;
		};
		7AE0CA632BA81AB5008B0ECD /* Debug */ = {
			isa = XCBuildConfiguration;
			buildSettings = {
				ALWAYS_EMBED_SWIFT_STANDARD_LIBRARIES = YES;
				CODE_SIGN_STYLE = Automatic;
				CURRENT_PROJECT_VERSION = 1;
				GENERATE_INFOPLIST_FILE = YES;
				MARKETING_VERSION = 1.0;
				PRODUCT_BUNDLE_IDENTIFIER = firsto.TrafficAlertUITests;
				PRODUCT_NAME = "$(TARGET_NAME)";
				SWIFT_EMIT_LOC_STRINGS = NO;
				SWIFT_VERSION = 5.0;
				TARGETED_DEVICE_FAMILY = "1,2";
				TEST_TARGET_NAME = TrafficAlert;
			};
			name = Debug;
		};
		7AE0CA642BA81AB5008B0ECD /* Release */ = {
			isa = XCBuildConfiguration;
			buildSettings = {
				ALWAYS_EMBED_SWIFT_STANDARD_LIBRARIES = YES;
				CODE_SIGN_STYLE = Automatic;
				CURRENT_PROJECT_VERSION = 1;
				GENERATE_INFOPLIST_FILE = YES;
				MARKETING_VERSION = 1.0;
				PRODUCT_BUNDLE_IDENTIFIER = firsto.TrafficAlertUITests;
				PRODUCT_NAME = "$(TARGET_NAME)";
				SWIFT_EMIT_LOC_STRINGS = NO;
				SWIFT_VERSION = 5.0;
				TARGETED_DEVICE_FAMILY = "1,2";
				TEST_TARGET_NAME = TrafficAlert;
			};
			name = Release;
		};
/* End XCBuildConfiguration section */

/* Begin XCConfigurationList section */
		7AE0CA332BA81AB3008B0ECD /* Build configuration list for PBXProject "TrafficAlert" */ = {
			isa = XCConfigurationList;
			buildConfigurations = (
				7AE0CA5A2BA81AB5008B0ECD /* Debug */,
				7AE0CA5B2BA81AB5008B0ECD /* Release */,
			);
			defaultConfigurationIsVisible = 0;
			defaultConfigurationName = Release;
		};
		7AE0CA5C2BA81AB5008B0ECD /* Build configuration list for PBXNativeTarget "TrafficAlert" */ = {
			isa = XCConfigurationList;
			buildConfigurations = (
				7AE0CA5D2BA81AB5008B0ECD /* Debug */,
				7AE0CA5E2BA81AB5008B0ECD /* Release */,
			);
			defaultConfigurationIsVisible = 0;
			defaultConfigurationName = Release;
		};
		7AE0CA5F2BA81AB5008B0ECD /* Build configuration list for PBXNativeTarget "TrafficAlertTests" */ = {
			isa = XCConfigurationList;
			buildConfigurations = (
				7AE0CA602BA81AB5008B0ECD /* Debug */,
				7AE0CA612BA81AB5008B0ECD /* Release */,
			);
			defaultConfigurationIsVisible = 0;
			defaultConfigurationName = Release;
		};
		7AE0CA622BA81AB5008B0ECD /* Build configuration list for PBXNativeTarget "TrafficAlertUITests" */ = {
			isa = XCConfigurationList;
			buildConfigurations = (
				7AE0CA632BA81AB5008B0ECD /* Debug */,
				7AE0CA642BA81AB5008B0ECD /* Release */,
			);
			defaultConfigurationIsVisible = 0;
			defaultConfigurationName = Release;
		};
/* End XCConfigurationList section */
	};
	rootObject = 7AE0CA302BA81AB3008B0ECD /* Project object */;
}
